// !$*UTF8*$!
{
	archiveVersion = 1;
	classes = {
	};
	objectVersion = 48;
	objects = {

/* Begin PBXBuildFile section */
		716EB9881E31244D00B9C021 /* libalgorithms.dylib in Frameworks */ = {isa = PBXBuildFile; fileRef = 719FF1411E2FB997006F77B1 /* libalgorithms.dylib */; };
		716EB98B1E31299E00B9C021 /* selectionSort.cpp in Sources */ = {isa = PBXBuildFile; fileRef = 716EB9891E31299E00B9C021 /* selectionSort.cpp */; };
		716EB98C1E31299E00B9C021 /* selectionSort.hpp in Headers */ = {isa = PBXBuildFile; fileRef = 716EB98A1E31299E00B9C021 /* selectionSort.hpp */; };
		719FF1451E2FB997006F77B1 /* algorithms.hpp in Headers */ = {isa = PBXBuildFile; fileRef = 719FF1441E2FB997006F77B1 /* algorithms.hpp */; };
		719FF1471E2FB997006F77B1 /* algorithmsPriv.hpp in Headers */ = {isa = PBXBuildFile; fileRef = 719FF1461E2FB997006F77B1 /* algorithmsPriv.hpp */; };
		719FF1491E2FB997006F77B1 /* algorithms.cpp in Sources */ = {isa = PBXBuildFile; fileRef = 719FF1481E2FB997006F77B1 /* algorithms.cpp */; };
		719FF1551E2FD644006F77B1 /* sort.cpp in Sources */ = {isa = PBXBuildFile; fileRef = 719FF1531E2FD644006F77B1 /* sort.cpp */; };
		719FF1561E2FD644006F77B1 /* sort.hpp in Headers */ = {isa = PBXBuildFile; fileRef = 719FF1541E2FD644006F77B1 /* sort.hpp */; };
		71A770411E31195F002CBBF8 /* main.cpp in Sources */ = {isa = PBXBuildFile; fileRef = 71A770401E31195F002CBBF8 /* main.cpp */; };
		71DBE76A1E344C9300912190 /* bubbleSort.cpp in Sources */ = {isa = PBXBuildFile; fileRef = 71DBE7681E344C9300912190 /* bubbleSort.cpp */; };
		71DBE76B1E344C9300912190 /* bubbleSort.hpp in Headers */ = {isa = PBXBuildFile; fileRef = 71DBE7691E344C9300912190 /* bubbleSort.hpp */; };
		71DBE7731E344F6000912190 /* main.cpp in Sources */ = {isa = PBXBuildFile; fileRef = 71DBE7721E344F6000912190 /* main.cpp */; };
		71DBE7771E344F6600912190 /* libalgorithms.dylib in Frameworks */ = {isa = PBXBuildFile; fileRef = 719FF1411E2FB997006F77B1 /* libalgorithms.dylib */; };
		71DBE77A1E3457B100912190 /* mergeSort.cpp in Sources */ = {isa = PBXBuildFile; fileRef = 71DBE7781E3457B100912190 /* mergeSort.cpp */; };
		71DBE77B1E3457B100912190 /* mergeSort.hpp in Headers */ = {isa = PBXBuildFile; fileRef = 71DBE7791E3457B100912190 /* mergeSort.hpp */; };
		71DBE7831E345D0F00912190 /* main.cpp in Sources */ = {isa = PBXBuildFile; fileRef = 71DBE7821E345D0F00912190 /* main.cpp */; };
		71DBE7871E345D1500912190 /* libalgorithms.dylib in Frameworks */ = {isa = PBXBuildFile; fileRef = 719FF1411E2FB997006F77B1 /* libalgorithms.dylib */; };
/* End PBXBuildFile section */

/* Begin PBXCopyFilesBuildPhase section */
		71A7703C1E31195F002CBBF8 /* CopyFiles */ = {
			isa = PBXCopyFilesBuildPhase;
			buildActionMask = 2147483647;
			dstPath = /usr/share/man/man1/;
			dstSubfolderSpec = 0;
			files = (
			);
			runOnlyForDeploymentPostprocessing = 1;
		};
		71DBE76E1E344F6000912190 /* CopyFiles */ = {
			isa = PBXCopyFilesBuildPhase;
			buildActionMask = 2147483647;
			dstPath = /usr/share/man/man1/;
			dstSubfolderSpec = 0;
			files = (
			);
			runOnlyForDeploymentPostprocessing = 1;
		};
		71DBE77E1E345D0F00912190 /* CopyFiles */ = {
			isa = PBXCopyFilesBuildPhase;
			buildActionMask = 2147483647;
			dstPath = /usr/share/man/man1/;
			dstSubfolderSpec = 0;
			files = (
			);
			runOnlyForDeploymentPostprocessing = 1;
		};
/* End PBXCopyFilesBuildPhase section */

/* Begin PBXFileReference section */
		716EB9891E31299E00B9C021 /* selectionSort.cpp */ = {isa = PBXFileReference; fileEncoding = 4; lastKnownFileType = sourcecode.cpp.cpp; path = selectionSort.cpp; sourceTree = "<group>"; };
		716EB98A1E31299E00B9C021 /* selectionSort.hpp */ = {isa = PBXFileReference; fileEncoding = 4; lastKnownFileType = sourcecode.cpp.h; path = selectionSort.hpp; sourceTree = "<group>"; };
		719FF1411E2FB997006F77B1 /* libalgorithms.dylib */ = {isa = PBXFileReference; explicitFileType = "compiled.mach-o.dylib"; includeInIndex = 0; path = libalgorithms.dylib; sourceTree = BUILT_PRODUCTS_DIR; };
		719FF1441E2FB997006F77B1 /* algorithms.hpp */ = {isa = PBXFileReference; lastKnownFileType = sourcecode.cpp.h; path = algorithms.hpp; sourceTree = "<group>"; };
		719FF1461E2FB997006F77B1 /* algorithmsPriv.hpp */ = {isa = PBXFileReference; lastKnownFileType = sourcecode.cpp.h; path = algorithmsPriv.hpp; sourceTree = "<group>"; };
		719FF1481E2FB997006F77B1 /* algorithms.cpp */ = {isa = PBXFileReference; lastKnownFileType = sourcecode.cpp.cpp; path = algorithms.cpp; sourceTree = "<group>"; };
		719FF1531E2FD644006F77B1 /* sort.cpp */ = {isa = PBXFileReference; fileEncoding = 4; lastKnownFileType = sourcecode.cpp.cpp; path = sort.cpp; sourceTree = "<group>"; };
		719FF1541E2FD644006F77B1 /* sort.hpp */ = {isa = PBXFileReference; fileEncoding = 4; lastKnownFileType = sourcecode.cpp.h; path = sort.hpp; sourceTree = "<group>"; };
		71A7703E1E31195F002CBBF8 /* testmain */ = {isa = PBXFileReference; explicitFileType = "compiled.mach-o.executable"; includeInIndex = 0; path = testmain; sourceTree = BUILT_PRODUCTS_DIR; };
		71A770401E31195F002CBBF8 /* main.cpp */ = {isa = PBXFileReference; lastKnownFileType = sourcecode.cpp.cpp; path = main.cpp; sourceTree = "<group>"; };
		71DBE7681E344C9300912190 /* bubbleSort.cpp */ = {isa = PBXFileReference; fileEncoding = 4; lastKnownFileType = sourcecode.cpp.cpp; path = bubbleSort.cpp; sourceTree = "<group>"; };
		71DBE7691E344C9300912190 /* bubbleSort.hpp */ = {isa = PBXFileReference; fileEncoding = 4; lastKnownFileType = sourcecode.cpp.h; path = bubbleSort.hpp; sourceTree = "<group>"; };
		71DBE7701E344F6000912190 /* testbubble */ = {isa = PBXFileReference; explicitFileType = "compiled.mach-o.executable"; includeInIndex = 0; path = testbubble; sourceTree = BUILT_PRODUCTS_DIR; };
		71DBE7721E344F6000912190 /* main.cpp */ = {isa = PBXFileReference; lastKnownFileType = sourcecode.cpp.cpp; path = main.cpp; sourceTree = "<group>"; };
		71DBE7781E3457B100912190 /* mergeSort.cpp */ = {isa = PBXFileReference; fileEncoding = 4; lastKnownFileType = sourcecode.cpp.cpp; path = mergeSort.cpp; sourceTree = "<group>"; };
		71DBE7791E3457B100912190 /* mergeSort.hpp */ = {isa = PBXFileReference; fileEncoding = 4; lastKnownFileType = sourcecode.cpp.h; path = mergeSort.hpp; sourceTree = "<group>"; };
		71DBE7801E345D0F00912190 /* testmerge */ = {isa = PBXFileReference; explicitFileType = "compiled.mach-o.executable"; includeInIndex = 0; path = testmerge; sourceTree = BUILT_PRODUCTS_DIR; };
		71DBE7821E345D0F00912190 /* main.cpp */ = {isa = PBXFileReference; lastKnownFileType = sourcecode.cpp.cpp; path = main.cpp; sourceTree = "<group>"; };
/* End PBXFileReference section */

/* Begin PBXFrameworksBuildPhase section */
		719FF13E1E2FB997006F77B1 /* Frameworks */ = {
			isa = PBXFrameworksBuildPhase;
			buildActionMask = 2147483647;
			files = (
			);
			runOnlyForDeploymentPostprocessing = 0;
		};
		71A7703B1E31195F002CBBF8 /* Frameworks */ = {
			isa = PBXFrameworksBuildPhase;
			buildActionMask = 2147483647;
			files = (
				716EB9881E31244D00B9C021 /* libalgorithms.dylib in Frameworks */,
			);
			runOnlyForDeploymentPostprocessing = 0;
		};
		71DBE76D1E344F6000912190 /* Frameworks */ = {
			isa = PBXFrameworksBuildPhase;
			buildActionMask = 2147483647;
			files = (
				71DBE7771E344F6600912190 /* libalgorithms.dylib in Frameworks */,
			);
			runOnlyForDeploymentPostprocessing = 0;
		};
		71DBE77D1E345D0F00912190 /* Frameworks */ = {
			isa = PBXFrameworksBuildPhase;
			buildActionMask = 2147483647;
			files = (
				71DBE7871E345D1500912190 /* libalgorithms.dylib in Frameworks */,
			);
			runOnlyForDeploymentPostprocessing = 0;
		};
/* End PBXFrameworksBuildPhase section */

/* Begin PBXGroup section */
		719FF1381E2FB997006F77B1 = {
			isa = PBXGroup;
			children = (
				719FF1431E2FB997006F77B1 /* algorithms */,
				71A7703F1E31195F002CBBF8 /* testmain */,
				71DBE7711E344F6000912190 /* testbubble */,
				71DBE7811E345D0F00912190 /* testmerge */,
				719FF1421E2FB997006F77B1 /* Products */,
			);
			sourceTree = "<group>";
		};
		719FF1421E2FB997006F77B1 /* Products */ = {
			isa = PBXGroup;
			children = (
				719FF1411E2FB997006F77B1 /* libalgorithms.dylib */,
				71A7703E1E31195F002CBBF8 /* testmain */,
				71DBE7701E344F6000912190 /* testbubble */,
				71DBE7801E345D0F00912190 /* testmerge */,
			);
			name = Products;
			sourceTree = "<group>";
		};
		719FF1431E2FB997006F77B1 /* algorithms */ = {
			isa = PBXGroup;
			children = (
				719FF1441E2FB997006F77B1 /* algorithms.hpp */,
				719FF1461E2FB997006F77B1 /* algorithmsPriv.hpp */,
				719FF1481E2FB997006F77B1 /* algorithms.cpp */,
				719FF1531E2FD644006F77B1 /* sort.cpp */,
				719FF1541E2FD644006F77B1 /* sort.hpp */,
				716EB9891E31299E00B9C021 /* selectionSort.cpp */,
				716EB98A1E31299E00B9C021 /* selectionSort.hpp */,
				71DBE7681E344C9300912190 /* bubbleSort.cpp */,
				71DBE7691E344C9300912190 /* bubbleSort.hpp */,
				71DBE7781E3457B100912190 /* mergeSort.cpp */,
				71DBE7791E3457B100912190 /* mergeSort.hpp */,
			);
			path = algorithms;
			sourceTree = "<group>";
		};
		71A7703F1E31195F002CBBF8 /* testmain */ = {
			isa = PBXGroup;
			children = (
				71A770401E31195F002CBBF8 /* main.cpp */,
			);
			path = testmain;
			sourceTree = "<group>";
		};
		71DBE7711E344F6000912190 /* testbubble */ = {
			isa = PBXGroup;
			children = (
				71DBE7721E344F6000912190 /* main.cpp */,
			);
			path = testbubble;
			sourceTree = "<group>";
		};
		71DBE7811E345D0F00912190 /* testmerge */ = {
			isa = PBXGroup;
			children = (
				71DBE7821E345D0F00912190 /* main.cpp */,
			);
			path = testmerge;
			sourceTree = "<group>";
		};
/* End PBXGroup section */

/* Begin PBXHeadersBuildPhase section */
		719FF13F1E2FB997006F77B1 /* Headers */ = {
			isa = PBXHeadersBuildPhase;
			buildActionMask = 2147483647;
			files = (
				71DBE76B1E344C9300912190 /* bubbleSort.hpp in Headers */,
				719FF1451E2FB997006F77B1 /* algorithms.hpp in Headers */,
				716EB98C1E31299E00B9C021 /* selectionSort.hpp in Headers */,
				71DBE77B1E3457B100912190 /* mergeSort.hpp in Headers */,
				719FF1561E2FD644006F77B1 /* sort.hpp in Headers */,
				719FF1471E2FB997006F77B1 /* algorithmsPriv.hpp in Headers */,
			);
			runOnlyForDeploymentPostprocessing = 0;
		};
/* End PBXHeadersBuildPhase section */

/* Begin PBXNativeTarget section */
		719FF1401E2FB997006F77B1 /* algorithms */ = {
			isa = PBXNativeTarget;
			buildConfigurationList = 719FF14C1E2FB997006F77B1 /* Build configuration list for PBXNativeTarget "algorithms" */;
			buildPhases = (
				719FF13D1E2FB997006F77B1 /* Sources */,
				719FF13E1E2FB997006F77B1 /* Frameworks */,
				719FF13F1E2FB997006F77B1 /* Headers */,
			);
			buildRules = (
			);
			dependencies = (
			);
			name = algorithms;
			productName = algorithms;
			productReference = 719FF1411E2FB997006F77B1 /* libalgorithms.dylib */;
			productType = "com.apple.product-type.library.dynamic";
		};
		71A7703D1E31195F002CBBF8 /* testmain */ = {
			isa = PBXNativeTarget;
			buildConfigurationList = 71A770441E31195F002CBBF8 /* Build configuration list for PBXNativeTarget "testmain" */;
			buildPhases = (
				71A7703A1E31195F002CBBF8 /* Sources */,
				71A7703B1E31195F002CBBF8 /* Frameworks */,
				71A7703C1E31195F002CBBF8 /* CopyFiles */,
			);
			buildRules = (
			);
			dependencies = (
			);
			name = testmain;
			productName = testmain;
			productReference = 71A7703E1E31195F002CBBF8 /* testmain */;
			productType = "com.apple.product-type.tool";
		};
		71DBE76F1E344F6000912190 /* testbubble */ = {
			isa = PBXNativeTarget;
			buildConfigurationList = 71DBE7741E344F6000912190 /* Build configuration list for PBXNativeTarget "testbubble" */;
			buildPhases = (
				71DBE76C1E344F6000912190 /* Sources */,
				71DBE76D1E344F6000912190 /* Frameworks */,
				71DBE76E1E344F6000912190 /* CopyFiles */,
			);
			buildRules = (
			);
			dependencies = (
			);
			name = testbubble;
			productName = testbubble;
			productReference = 71DBE7701E344F6000912190 /* testbubble */;
			productType = "com.apple.product-type.tool";
		};
		71DBE77F1E345D0F00912190 /* testmerge */ = {
			isa = PBXNativeTarget;
			buildConfigurationList = 71DBE7841E345D0F00912190 /* Build configuration list for PBXNativeTarget "testmerge" */;
			buildPhases = (
				71DBE77C1E345D0F00912190 /* Sources */,
				71DBE77D1E345D0F00912190 /* Frameworks */,
				71DBE77E1E345D0F00912190 /* CopyFiles */,
			);
			buildRules = (
			);
			dependencies = (
			);
			name = testmerge;
			productName = testmerge;
			productReference = 71DBE7801E345D0F00912190 /* testmerge */;
			productType = "com.apple.product-type.tool";
		};
/* End PBXNativeTarget section */

/* Begin PBXProject section */
		719FF1391E2FB997006F77B1 /* Project object */ = {
			isa = PBXProject;
			attributes = {
				LastUpgradeCheck = 0820;
				ORGANIZATIONNAME = "Anand N Ilkal";
				TargetAttributes = {
					719FF1401E2FB997006F77B1 = {
						CreatedOnToolsVersion = 8.2.1;
						ProvisioningStyle = Automatic;
					};
					71A7703D1E31195F002CBBF8 = {
						CreatedOnToolsVersion = 8.2.1;
						ProvisioningStyle = Automatic;
					};
					71DBE76F1E344F6000912190 = {
						CreatedOnToolsVersion = 8.2.1;
						ProvisioningStyle = Automatic;
					};
					71DBE77F1E345D0F00912190 = {
						CreatedOnToolsVersion = 8.2.1;
						ProvisioningStyle = Automatic;
					};
				};
			};
			buildConfigurationList = 719FF13C1E2FB997006F77B1 /* Build configuration list for PBXProject "algorithms" */;
			compatibilityVersion = "Xcode 8.0";
			developmentRegion = English;
			hasScannedForEncodings = 0;
			knownRegions = (
				en,
			);
			mainGroup = 719FF1381E2FB997006F77B1;
			productRefGroup = 719FF1421E2FB997006F77B1 /* Products */;
			projectDirPath = "";
			projectRoot = "";
			targets = (
				719FF1401E2FB997006F77B1 /* algorithms */,
				71A7703D1E31195F002CBBF8 /* testmain */,
				71DBE76F1E344F6000912190 /* testbubble */,
				71DBE77F1E345D0F00912190 /* testmerge */,
			);
		};
/* End PBXProject section */

/* Begin PBXSourcesBuildPhase section */
		719FF13D1E2FB997006F77B1 /* Sources */ = {
			isa = PBXSourcesBuildPhase;
			buildActionMask = 2147483647;
			files = (
				71DBE77A1E3457B100912190 /* mergeSort.cpp in Sources */,
				716EB98B1E31299E00B9C021 /* selectionSort.cpp in Sources */,
				719FF1491E2FB997006F77B1 /* algorithms.cpp in Sources */,
				719FF1551E2FD644006F77B1 /* sort.cpp in Sources */,
				71DBE76A1E344C9300912190 /* bubbleSort.cpp in Sources */,
			);
			runOnlyForDeploymentPostprocessing = 0;
		};
		71A7703A1E31195F002CBBF8 /* Sources */ = {
			isa = PBXSourcesBuildPhase;
			buildActionMask = 2147483647;
			files = (
				71A770411E31195F002CBBF8 /* main.cpp in Sources */,
			);
			runOnlyForDeploymentPostprocessing = 0;
		};
		71DBE76C1E344F6000912190 /* Sources */ = {
			isa = PBXSourcesBuildPhase;
			buildActionMask = 2147483647;
			files = (
				71DBE7731E344F6000912190 /* main.cpp in Sources */,
			);
			runOnlyForDeploymentPostprocessing = 0;
		};
		71DBE77C1E345D0F00912190 /* Sources */ = {
			isa = PBXSourcesBuildPhase;
			buildActionMask = 2147483647;
			files = (
				71DBE7831E345D0F00912190 /* main.cpp in Sources */,
			);
			runOnlyForDeploymentPostprocessing = 0;
		};
/* End PBXSourcesBuildPhase section */

/* Begin XCBuildConfiguration section */
		719FF14A1E2FB997006F77B1 /* Debug */ = {
			isa = XCBuildConfiguration;
			buildSettings = {
				ALWAYS_SEARCH_USER_PATHS = NO;
				CLANG_ANALYZER_NONNULL = YES;
				CLANG_CXX_LANGUAGE_STANDARD = "gnu++0x";
				CLANG_CXX_LIBRARY = "libc++";
				CLANG_ENABLE_MODULES = YES;
				CLANG_ENABLE_OBJC_ARC = YES;
				CLANG_WARN_BOOL_CONVERSION = YES;
				CLANG_WARN_CONSTANT_CONVERSION = YES;
				CLANG_WARN_DIRECT_OBJC_ISA_USAGE = YES_ERROR;
				CLANG_WARN_DOCUMENTATION_COMMENTS = YES;
				CLANG_WARN_EMPTY_BODY = YES;
				CLANG_WARN_ENUM_CONVERSION = YES;
				CLANG_WARN_INFINITE_RECURSION = YES;
				CLANG_WARN_INT_CONVERSION = YES;
				CLANG_WARN_OBJC_ROOT_CLASS = YES_ERROR;
				CLANG_WARN_SUSPICIOUS_MOVE = YES;
				CLANG_WARN_UNREACHABLE_CODE = YES;
				CLANG_WARN__DUPLICATE_METHOD_MATCH = YES;
				CODE_SIGN_IDENTITY = "-";
				COPY_PHASE_STRIP = NO;
				DEBUG_INFORMATION_FORMAT = dwarf;
				ENABLE_STRICT_OBJC_MSGSEND = YES;
				ENABLE_TESTABILITY = YES;
				GCC_C_LANGUAGE_STANDARD = gnu99;
				GCC_DYNAMIC_NO_PIC = NO;
				GCC_NO_COMMON_BLOCKS = YES;
				GCC_OPTIMIZATION_LEVEL = 0;
				GCC_PREPROCESSOR_DEFINITIONS = (
					"DEBUG=1",
					"$(inherited)",
				);
				GCC_WARN_64_TO_32_BIT_CONVERSION = YES;
				GCC_WARN_ABOUT_RETURN_TYPE = YES_ERROR;
				GCC_WARN_UNDECLARED_SELECTOR = YES;
				GCC_WARN_UNINITIALIZED_AUTOS = YES_AGGRESSIVE;
				GCC_WARN_UNUSED_FUNCTION = YES;
				GCC_WARN_UNUSED_VARIABLE = YES;
				MACOSX_DEPLOYMENT_TARGET = 10.12;
				MTL_ENABLE_DEBUG_INFO = YES;
				ONLY_ACTIVE_ARCH = YES;
				SDKROOT = macosx;
			};
			name = Debug;
		};
		719FF14B1E2FB997006F77B1 /* Release */ = {
			isa = XCBuildConfiguration;
			buildSettings = {
				ALWAYS_SEARCH_USER_PATHS = NO;
				CLANG_ANALYZER_NONNULL = YES;
				CLANG_CXX_LANGUAGE_STANDARD = "gnu++0x";
				CLANG_CXX_LIBRARY = "libc++";
				CLANG_ENABLE_MODULES = YES;
				CLANG_ENABLE_OBJC_ARC = YES;
				CLANG_WARN_BOOL_CONVERSION = YES;
				CLANG_WARN_CONSTANT_CONVERSION = YES;
				CLANG_WARN_DIRECT_OBJC_ISA_USAGE = YES_ERROR;
				CLANG_WARN_DOCUMENTATION_COMMENTS = YES;
				CLANG_WARN_EMPTY_BODY = YES;
				CLANG_WARN_ENUM_CONVERSION = YES;
				CLANG_WARN_INFINITE_RECURSION = YES;
				CLANG_WARN_INT_CONVERSION = YES;
				CLANG_WARN_OBJC_ROOT_CLASS = YES_ERROR;
				CLANG_WARN_SUSPICIOUS_MOVE = YES;
				CLANG_WARN_UNREACHABLE_CODE = YES;
				CLANG_WARN__DUPLICATE_METHOD_MATCH = YES;
				CODE_SIGN_IDENTITY = "-";
				COPY_PHASE_STRIP = NO;
				DEBUG_INFORMATION_FORMAT = "dwarf-with-dsym";
				ENABLE_NS_ASSERTIONS = NO;
				ENABLE_STRICT_OBJC_MSGSEND = YES;
				GCC_C_LANGUAGE_STANDARD = gnu99;
				GCC_NO_COMMON_BLOCKS = YES;
				GCC_WARN_64_TO_32_BIT_CONVERSION = YES;
				GCC_WARN_ABOUT_RETURN_TYPE = YES_ERROR;
				GCC_WARN_UNDECLARED_SELECTOR = YES;
				GCC_WARN_UNINITIALIZED_AUTOS = YES_AGGRESSIVE;
				GCC_WARN_UNUSED_FUNCTION = YES;
				GCC_WARN_UNUSED_VARIABLE = YES;
				MACOSX_DEPLOYMENT_TARGET = 10.12;
				MTL_ENABLE_DEBUG_INFO = NO;
				SDKROOT = macosx;
			};
			name = Release;
		};
		719FF14D1E2FB997006F77B1 /* Debug */ = {
			isa = XCBuildConfiguration;
			buildSettings = {
				CODE_SIGN_IDENTITY = "Mac Developer";
				DEVELOPMENT_TEAM = FH5RQNP5A4;
				DYLIB_COMPATIBILITY_VERSION = 1;
				DYLIB_CURRENT_VERSION = 1;
				EXECUTABLE_PREFIX = lib;
				GCC_ENABLE_CPP_EXCEPTIONS = YES;
				GCC_ENABLE_CPP_RTTI = YES;
				GCC_SYMBOLS_PRIVATE_EXTERN = YES;
				MACOSX_DEPLOYMENT_TARGET = 10.12;
				PRODUCT_NAME = "$(TARGET_NAME)";
			};
			name = Debug;
		};
		719FF14E1E2FB997006F77B1 /* Release */ = {
			isa = XCBuildConfiguration;
			buildSettings = {
				CODE_SIGN_IDENTITY = "Mac Developer";
				DEVELOPMENT_TEAM = FH5RQNP5A4;
				DYLIB_COMPATIBILITY_VERSION = 1;
				DYLIB_CURRENT_VERSION = 1;
				EXECUTABLE_PREFIX = lib;
				GCC_ENABLE_CPP_EXCEPTIONS = YES;
				GCC_ENABLE_CPP_RTTI = YES;
				GCC_SYMBOLS_PRIVATE_EXTERN = YES;
				MACOSX_DEPLOYMENT_TARGET = 10.12;
				PRODUCT_NAME = "$(TARGET_NAME)";
			};
			name = Release;
		};
		71A770421E31195F002CBBF8 /* Debug */ = {
			isa = XCBuildConfiguration;
			buildSettings = {
				DEVELOPMENT_TEAM = FH5RQNP5A4;
				PRODUCT_NAME = "$(TARGET_NAME)";
			};
			name = Debug;
		};
		71A770431E31195F002CBBF8 /* Release */ = {
			isa = XCBuildConfiguration;
			buildSettings = {
				DEVELOPMENT_TEAM = FH5RQNP5A4;
				PRODUCT_NAME = "$(TARGET_NAME)";
			};
			name = Release;
		};
		71DBE7751E344F6000912190 /* Debug */ = {
			isa = XCBuildConfiguration;
			buildSettings = {
				DEVELOPMENT_TEAM = FH5RQNP5A4;
				PRODUCT_NAME = "$(TARGET_NAME)";
			};
			name = Debug;
		};
		71DBE7761E344F6000912190 /* Release */ = {
			isa = XCBuildConfiguration;
			buildSettings = {
				DEVELOPMENT_TEAM = FH5RQNP5A4;
				PRODUCT_NAME = "$(TARGET_NAME)";
			};
			name = Release;
		};
		71DBE7851E345D0F00912190 /* Debug */ = {
			isa = XCBuildConfiguration;
			buildSettings = {
				DEVELOPMENT_TEAM = FH5RQNP5A4;
				PRODUCT_NAME = "$(TARGET_NAME)";
			};
			name = Debug;
		};
		71DBE7861E345D0F00912190 /* Release */ = {
			isa = XCBuildConfiguration;
			buildSettings = {
				DEVELOPMENT_TEAM = FH5RQNP5A4;
				PRODUCT_NAME = "$(TARGET_NAME)";
			};
			name = Release;
		};
/* End XCBuildConfiguration section */

/* Begin XCConfigurationList section */
		719FF13C1E2FB997006F77B1 /* Build configuration list for PBXProject "algorithms" */ = {
			isa = XCConfigurationList;
			buildConfigurations = (
				719FF14A1E2FB997006F77B1 /* Debug */,
				719FF14B1E2FB997006F77B1 /* Release */,
			);
			defaultConfigurationIsVisible = 0;
			defaultConfigurationName = Release;
		};
		719FF14C1E2FB997006F77B1 /* Build configuration list for PBXNativeTarget "algorithms" */ = {
			isa = XCConfigurationList;
			buildConfigurations = (
				719FF14D1E2FB997006F77B1 /* Debug */,
				719FF14E1E2FB997006F77B1 /* Release */,
			);
			defaultConfigurationIsVisible = 0;
			defaultConfigurationName = Release;
		};
		71A770441E31195F002CBBF8 /* Build configuration list for PBXNativeTarget "testmain" */ = {
			isa = XCConfigurationList;
			buildConfigurations = (
				71A770421E31195F002CBBF8 /* Debug */,
				71A770431E31195F002CBBF8 /* Release */,
			);
			defaultConfigurationIsVisible = 0;
			defaultConfigurationName = Release;
		};
		71DBE7741E344F6000912190 /* Build configuration list for PBXNativeTarget "testbubble" */ = {
			isa = XCConfigurationList;
			buildConfigurations = (
				71DBE7751E344F6000912190 /* Debug */,
				71DBE7761E344F6000912190 /* Release */,
			);
			defaultConfigurationIsVisible = 0;
		};
		71DBE7841E345D0F00912190 /* Build configuration list for PBXNativeTarget "testmerge" */ = {
			isa = XCConfigurationList;
			buildConfigurations = (
				71DBE7851E345D0F00912190 /* Debug */,
				71DBE7861E345D0F00912190 /* Release */,
			);
			defaultConfigurationIsVisible = 0;
		};
/* End XCConfigurationList section */
	};
	rootObject = 719FF1391E2FB997006F77B1 /* Project object */;
}
