// !$*UTF8*$!
{
	archiveVersion = 1;
	classes = {
	};
	objectVersion = 46;
	objects = {

/* Begin PBXBuildFile section */
		719FF1451E2FB997006F77B1 /* algorithms.hpp in Headers */ = {isa = PBXBuildFile; fileRef = 719FF1441E2FB997006F77B1 /* algorithms.hpp */; };
		719FF1471E2FB997006F77B1 /* algorithmsPriv.hpp in Headers */ = {isa = PBXBuildFile; fileRef = 719FF1461E2FB997006F77B1 /* algorithmsPriv.hpp */; };
		719FF1491E2FB997006F77B1 /* algorithms.cpp in Sources */ = {isa = PBXBuildFile; fileRef = 719FF1481E2FB997006F77B1 /* algorithms.cpp */; };
/* End PBXBuildFile section */

/* Begin PBXFileReference section */
		719FF1411E2FB997006F77B1 /* libalgorithms.dylib */ = {isa = PBXFileReference; explicitFileType = "compiled.mach-o.dylib"; includeInIndex = 0; path = libalgorithms.dylib; sourceTree = BUILT_PRODUCTS_DIR; };
		719FF1441E2FB997006F77B1 /* algorithms.hpp */ = {isa = PBXFileReference; lastKnownFileType = sourcecode.cpp.h; path = algorithms.hpp; sourceTree = "<group>"; };
		719FF1461E2FB997006F77B1 /* algorithmsPriv.hpp */ = {isa = PBXFileReference; lastKnownFileType = sourcecode.cpp.h; path = algorithmsPriv.hpp; sourceTree = "<group>"; };
		719FF1481E2FB997006F77B1 /* algorithms.cpp */ = {isa = PBXFileReference; lastKnownFileType = sourcecode.cpp.cpp; path = algorithms.cpp; sourceTree = "<group>"; };
/* End PBXFileReference section */

/* Begin PBXFrameworksBuildPhase section */
		719FF13E1E2FB997006F77B1 /* Frameworks */ = {
			isa = PBXFrameworksBuildPhase;
			buildActionMask = 2147483647;
			files = (
			);
			runOnlyForDeploymentPostprocessing = 0;
		};
/* End PBXFrameworksBuildPhase section */

/* Begin PBXGroup section */
		719FF1381E2FB997006F77B1 = {
			isa = PBXGroup;
			children = (
				719FF1431E2FB997006F77B1 /* algorithms */,
				719FF1421E2FB997006F77B1 /* Products */,
			);
			sourceTree = "<group>";
		};
		719FF1421E2FB997006F77B1 /* Products */ = {
			isa = PBXGroup;
			children = (
				719FF1411E2FB997006F77B1 /* libalgorithms.dylib */,
			);
			name = Products;
			sourceTree = "<group>";
		};
		719FF1431E2FB997006F77B1 /* algorithms */ = {
			isa = PBXGroup;
			children = (
				719FF1441E2FB997006F77B1 /* algorithms.hpp */,
				719FF1461E2FB997006F77B1 /* algorithmsPriv.hpp */,
				719FF1481E2FB997006F77B1 /* algorithms.cpp */,
			);
			path = algorithms;
			sourceTree = "<group>";
		};
/* End PBXGroup section */

/* Begin PBXHeadersBuildPhase section */
		719FF13F1E2FB997006F77B1 /* Headers */ = {
			isa = PBXHeadersBuildPhase;
			buildActionMask = 2147483647;
			files = (
				719FF1451E2FB997006F77B1 /* algorithms.hpp in Headers */,
				719FF1471E2FB997006F77B1 /* algorithmsPriv.hpp in Headers */,
			);
			runOnlyForDeploymentPostprocessing = 0;
		};
/* End PBXHeadersBuildPhase section */

/* Begin PBXNativeTarget section */
		719FF1401E2FB997006F77B1 /* algorithms */ = {
			isa = PBXNativeTarget;
			buildConfigurationList = 719FF14C1E2FB997006F77B1 /* Build configuration list for PBXNativeTarget "algorithms" */;
			buildPhases = (
				719FF13D1E2FB997006F77B1 /* Sources */,
				719FF13E1E2FB997006F77B1 /* Frameworks */,
				719FF13F1E2FB997006F77B1 /* Headers */,
			);
			buildRules = (
			);
			dependencies = (
			);
			name = algorithms;
			productName = algorithms;
			productReference = 719FF1411E2FB997006F77B1 /* libalgorithms.dylib */;
			productType = "com.apple.product-type.library.dynamic";
		};
/* End PBXNativeTarget section */

/* Begin PBXProject section */
		719FF1391E2FB997006F77B1 /* Project object */ = {
			isa = PBXProject;
			attributes = {
				LastUpgradeCheck = 0820;
				ORGANIZATIONNAME = "Anand N Ilkal";
				TargetAttributes = {
					719FF1401E2FB997006F77B1 = {
						CreatedOnToolsVersion = 8.2.1;
						DevelopmentTeam = FH5RQNP5A4;
						ProvisioningStyle = Automatic;
					};
				};
			};
			buildConfigurationList = 719FF13C1E2FB997006F77B1 /* Build configuration list for PBXProject "algorithms" */;
			compatibilityVersion = "Xcode 3.2";
			developmentRegion = English;
			hasScannedForEncodings = 0;
			knownRegions = (
				en,
			);
			mainGroup = 719FF1381E2FB997006F77B1;
			productRefGroup = 719FF1421E2FB997006F77B1 /* Products */;
			projectDirPath = "";
			projectRoot = "";
			targets = (
				719FF1401E2FB997006F77B1 /* algorithms */,
			);
		};
/* End PBXProject section */

/* Begin PBXSourcesBuildPhase section */
		719FF13D1E2FB997006F77B1 /* Sources */ = {
			isa = PBXSourcesBuildPhase;
			buildActionMask = 2147483647;
			files = (
				719FF1491E2FB997006F77B1 /* algorithms.cpp in Sources */,
			);
			runOnlyForDeploymentPostprocessing = 0;
		};
/* End PBXSourcesBuildPhase section */

/* Begin XCBuildConfiguration section */
		719FF14A1E2FB997006F77B1 /* Debug */ = {
			isa = XCBuildConfiguration;
			buildSettings = {
				ALWAYS_SEARCH_USER_PATHS = NO;
				CLANG_ANALYZER_NONNULL = YES;
				CLANG_CXX_LANGUAGE_STANDARD = "gnu++0x";
				CLANG_CXX_LIBRARY = "libc++";
				CLANG_ENABLE_MODULES = YES;
				CLANG_ENABLE_OBJC_ARC = YES;
				CLANG_WARN_BOOL_CONVERSION = YES;
				CLANG_WARN_CONSTANT_CONVERSION = YES;
				CLANG_WARN_DIRECT_OBJC_ISA_USAGE = YES_ERROR;
				CLANG_WARN_DOCUMENTATION_COMMENTS = YES;
				CLANG_WARN_EMPTY_BODY = YES;
				CLANG_WARN_ENUM_CONVERSION = YES;
				CLANG_WARN_INFINITE_RECURSION = YES;
				CLANG_WARN_INT_CONVERSION = YES;
				CLANG_WARN_OBJC_ROOT_CLASS = YES_ERROR;
				CLANG_WARN_SUSPICIOUS_MOVE = YES;
				CLANG_WARN_UNREACHABLE_CODE = YES;
				CLANG_WARN__DUPLICATE_METHOD_MATCH = YES;
				CODE_SIGN_IDENTITY = "-";
				COPY_PHASE_STRIP = NO;
				DEBUG_INFORMATION_FORMAT = dwarf;
				ENABLE_STRICT_OBJC_MSGSEND = YES;
				ENABLE_TESTABILITY = YES;
				GCC_C_LANGUAGE_STANDARD = gnu99;
				GCC_DYNAMIC_NO_PIC = NO;
				GCC_NO_COMMON_BLOCKS = YES;
				GCC_OPTIMIZATION_LEVEL = 0;
				GCC_PREPROCESSOR_DEFINITIONS = (
					"DEBUG=1",
					"$(inherited)",
				);
				GCC_WARN_64_TO_32_BIT_CONVERSION = YES;
				GCC_WARN_ABOUT_RETURN_TYPE = YES_ERROR;
				GCC_WARN_UNDECLARED_SELECTOR = YES;
				GCC_WARN_UNINITIALIZED_AUTOS = YES_AGGRESSIVE;
				GCC_WARN_UNUSED_FUNCTION = YES;
				GCC_WARN_UNUSED_VARIABLE = YES;
				MACOSX_DEPLOYMENT_TARGET = 10.12;
				MTL_ENABLE_DEBUG_INFO = YES;
				ONLY_ACTIVE_ARCH = YES;
				SDKROOT = macosx;
			};
			name = Debug;
		};
		719FF14B1E2FB997006F77B1 /* Release */ = {
			isa = XCBuildConfiguration;
			buildSettings = {
				ALWAYS_SEARCH_USER_PATHS = NO;
				CLANG_ANALYZER_NONNULL = YES;
				CLANG_CXX_LANGUAGE_STANDARD = "gnu++0x";
				CLANG_CXX_LIBRARY = "libc++";
				CLANG_ENABLE_MODULES = YES;
				CLANG_ENABLE_OBJC_ARC = YES;
				CLANG_WARN_BOOL_CONVERSION = YES;
				CLANG_WARN_CONSTANT_CONVERSION = YES;
				CLANG_WARN_DIRECT_OBJC_ISA_USAGE = YES_ERROR;
				CLANG_WARN_DOCUMENTATION_COMMENTS = YES;
				CLANG_WARN_EMPTY_BODY = YES;
				CLANG_WARN_ENUM_CONVERSION = YES;
				CLANG_WARN_INFINITE_RECURSION = YES;
				CLANG_WARN_INT_CONVERSION = YES;
				CLANG_WARN_OBJC_ROOT_CLASS = YES_ERROR;
				CLANG_WARN_SUSPICIOUS_MOVE = YES;
				CLANG_WARN_UNREACHABLE_CODE = YES;
				CLANG_WARN__DUPLICATE_METHOD_MATCH = YES;
				CODE_SIGN_IDENTITY = "-";
				COPY_PHASE_STRIP = NO;
				DEBUG_INFORMATION_FORMAT = "dwarf-with-dsym";
				ENABLE_NS_ASSERTIONS = NO;
				ENABLE_STRICT_OBJC_MSGSEND = YES;
				GCC_C_LANGUAGE_STANDARD = gnu99;
				GCC_NO_COMMON_BLOCKS = YES;
				GCC_WARN_64_TO_32_BIT_CONVERSION = YES;
				GCC_WARN_ABOUT_RETURN_TYPE = YES_ERROR;
				GCC_WARN_UNDECLARED_SELECTOR = YES;
				GCC_WARN_UNINITIALIZED_AUTOS = YES_AGGRESSIVE;
				GCC_WARN_UNUSED_FUNCTION = YES;
				GCC_WARN_UNUSED_VARIABLE = YES;
				MACOSX_DEPLOYMENT_TARGET = 10.12;
				MTL_ENABLE_DEBUG_INFO = NO;
				SDKROOT = macosx;
			};
			name = Release;
		};
		719FF14D1E2FB997006F77B1 /* Debug */ = {
			isa = XCBuildConfiguration;
			buildSettings = {
				DEVELOPMENT_TEAM = FH5RQNP5A4;
				DYLIB_COMPATIBILITY_VERSION = 1;
				DYLIB_CURRENT_VERSION = 1;
				EXECUTABLE_PREFIX = lib;
				GCC_ENABLE_CPP_EXCEPTIONS = YES;
				GCC_ENABLE_CPP_RTTI = YES;
				GCC_SYMBOLS_PRIVATE_EXTERN = YES;
				PRODUCT_NAME = "$(TARGET_NAME)";
			};
			name = Debug;
		};
		719FF14E1E2FB997006F77B1 /* Release */ = {
			isa = XCBuildConfiguration;
			buildSettings = {
				DEVELOPMENT_TEAM = FH5RQNP5A4;
				DYLIB_COMPATIBILITY_VERSION = 1;
				DYLIB_CURRENT_VERSION = 1;
				EXECUTABLE_PREFIX = lib;
				GCC_ENABLE_CPP_EXCEPTIONS = YES;
				GCC_ENABLE_CPP_RTTI = YES;
				GCC_SYMBOLS_PRIVATE_EXTERN = YES;
				PRODUCT_NAME = "$(TARGET_NAME)";
			};
			name = Release;
		};
/* End XCBuildConfiguration section */

/* Begin XCConfigurationList section */
		719FF13C1E2FB997006F77B1 /* Build configuration list for PBXProject "algorithms" */ = {
			isa = XCConfigurationList;
			buildConfigurations = (
				719FF14A1E2FB997006F77B1 /* Debug */,
				719FF14B1E2FB997006F77B1 /* Release */,
			);
			defaultConfigurationIsVisible = 0;
			defaultConfigurationName = Release;
		};
		719FF14C1E2FB997006F77B1 /* Build configuration list for PBXNativeTarget "algorithms" */ = {
			isa = XCConfigurationList;
			buildConfigurations = (
				719FF14D1E2FB997006F77B1 /* Debug */,
				719FF14E1E2FB997006F77B1 /* Release */,
			);
			defaultConfigurationIsVisible = 0;
		};
/* End XCConfigurationList section */
	};
	rootObject = 719FF1391E2FB997006F77B1 /* Project object */;
}
